
Microsoft Visual Studio Solution File, Format Version 12.00
Project("{2150E333-8FDC-42A3-9474-1A3956D46DE8}") = "Solution Items", "Solution Items", "{3B7E37C2-3E7C-4187-B105-04BEBDC0E608}"
	ProjectSection(SolutionItems) = preProject
		Directory.Build.props = Directory.Build.props
		.editorconfig = .editorconfig
	EndProjectSection
EndProject
Project("{FAE04EC0-301F-11D3-BF4B-00C04F79EFBC}") = "DirectoryService.Domain", "DirectoryService.Domain\DirectoryService.Domain.csproj", "{3A423431-4156-4FC6-B711-2BB4DFEEC637}"
EndProject
Project("{FAE04EC0-301F-11D3-BF4B-00C04F79EFBC}") = "Shared", "Shared\Shared.csproj", "{1DA64A9E-1071-4270-B4E9-777F84C9809E}"
EndProject
Project("{FAE04EC0-301F-11D3-BF4B-00C04F79EFBC}") = "DirectoryService", "DirectoryService\DirectoryService.csproj", "{9950951B-0CE8-49D2-A08A-EEC92C4031FC}"
EndProject
Project("{FAE04EC0-301F-11D3-BF4B-00C04F79EFBC}") = "DirectoryService.Infrastructure.Postgres", "DirectoryService.Infrastructure.Postgres\DirectoryService.Infrastructure.Postgres.csproj", "{781D4009-A580-43BC-9FFF-FF0CCEE59C9D}"
EndProject
Global
	GlobalSection(SolutionConfigurationPlatforms) = preSolution
		Debug|Any CPU = Debug|Any CPU
		Release|Any CPU = Release|Any CPU
	EndGlobalSection
	GlobalSection(ProjectConfigurationPlatforms) = postSolution
		{3A423431-4156-4FC6-B711-2BB4DFEEC637}.Debug|Any CPU.ActiveCfg = Debug|Any CPU
		{3A423431-4156-4FC6-B711-2BB4DFEEC637}.Debug|Any CPU.Build.0 = Debug|Any CPU
		{3A423431-4156-4FC6-B711-2BB4DFEEC637}.Release|Any CPU.ActiveCfg = Release|Any CPU
		{3A423431-4156-4FC6-B711-2BB4DFEEC637}.Release|Any CPU.Build.0 = Release|Any CPU
		{1DA64A9E-1071-4270-B4E9-777F84C9809E}.Debug|Any CPU.ActiveCfg = Debug|Any CPU
		{1DA64A9E-1071-4270-B4E9-777F84C9809E}.Debug|Any CPU.Build.0 = Debug|Any CPU
		{1DA64A9E-1071-4270-B4E9-777F84C9809E}.Release|Any CPU.ActiveCfg = Release|Any CPU
		{1DA64A9E-1071-4270-B4E9-777F84C9809E}.Release|Any CPU.Build.0 = Release|Any CPU
		{9950951B-0CE8-49D2-A08A-EEC92C4031FC}.Debug|Any CPU.ActiveCfg = Debug|Any CPU
		{9950951B-0CE8-49D2-A08A-EEC92C4031FC}.Debug|Any CPU.Build.0 = Debug|Any CPU
		{9950951B-0CE8-49D2-A08A-EEC92C4031FC}.Release|Any CPU.ActiveCfg = Release|Any CPU
		{9950951B-0CE8-49D2-A08A-EEC92C4031FC}.Release|Any CPU.Build.0 = Release|Any CPU
		{781D4009-A580-43BC-9FFF-FF0CCEE59C9D}.Debug|Any CPU.ActiveCfg = Debug|Any CPU
		{781D4009-A580-43BC-9FFF-FF0CCEE59C9D}.Debug|Any CPU.Build.0 = Debug|Any CPU
		{781D4009-A580-43BC-9FFF-FF0CCEE59C9D}.Release|Any CPU.ActiveCfg = Release|Any CPU
		{781D4009-A580-43BC-9FFF-FF0CCEE59C9D}.Release|Any CPU.Build.0 = Release|Any CPU
	EndGlobalSection
	GlobalSection(NestedProjects) = preSolution
	EndGlobalSection
EndGlobal
